
Microsoft Visual Studio Solution File, Format Version 11.00
# Visual C++ Express 2010
Project("{8BC9CEB8-8B4A-11D0-8D11-00A0C91BC942}") = "Injector", "Injector\Injector.vcxproj", "{5BB89945-F1BE-44A9-B23C-7352B910CA97}"
EndProject
Global
	GlobalSection(SolutionConfigurationPlatforms) = preSolution
		Debug|Win32 = Debug|Win32
		Release|Win32 = Release|Win32
	EndGlobalSection
	GlobalSection(ProjectConfigurationPlatforms) = postSolution
		{5BB89945-F1BE-44A9-B23C-7352B910CA97}.Debug|Win32.ActiveCfg = Debug|Win32
		{5BB89945-F1BE-44A9-B23C-7352B910CA97}.Debug|Win32.Build.0 = Debug|Win32
		{5BB89945-F1BE-44A9-B23C-7352B910CA97}.Release|Win32.ActiveCfg = Release|Win32
		{5BB89945-F1BE-44A9-B23C-7352B910CA97}.Release|Win32.Build.0 = Release|Win32
	EndGlobalSection
	GlobalSection(SolutionProperties) = preSolution
		HideSolutionNode = FALSE
	EndGlobalSection
EndGlobal
